
Microsoft Visual Studio Solution File, Format Version 12.00
# Visual Studio 15
VisualStudioVersion = 15.0.26430.14
MinimumVisualStudioVersion = 10.0.40219.1
Project("{FAE04EC0-301F-11D3-BF4B-00C04F79EFBC}") = "PhotoSharingSample", "PhotoSharingSample\PhotoSharingSample.csproj", "{233B1862-2E71-45A8-9426-757C858474FC}"
EndProject
Project("{2150E333-8FDC-42A3-9474-1A3956D46DE8}") = ".nuget", ".nuget", "{0C793B0E-13DE-4219-9F70-245B217FF211}"
	ProjectSection(SolutionItems) = preProject
		.nuget\NuGet.Config = .nuget\NuGet.Config
		.nuget\NuGet.exe = .nuget\NuGet.exe
		.nuget\NuGet.targets = .nuget\NuGet.targets
	EndProjectSection
EndProject
Project("{E24C65DC-7377-472B-9ABA-BC803B73C61A}") = "TestPage", "..\TestPage\", "{2171D4F3-5928-409C-8886-E7A66DA32ED9}"
	ProjectSection(WebsiteProperties) = preProject
		TargetFrameworkMoniker = ".NETFramework,Version%3Dv4.5.2"
		Debug.AspNetCompiler.VirtualPath = "/localhost_12830"
		Debug.AspNetCompiler.PhysicalPath = "..\TestPage\"
		Debug.AspNetCompiler.TargetPath = "PrecompiledWeb\localhost_12830\"
		Debug.AspNetCompiler.Updateable = "true"
		Debug.AspNetCompiler.ForceOverwrite = "true"
		Debug.AspNetCompiler.FixedNames = "false"
		Debug.AspNetCompiler.Debug = "True"
		Release.AspNetCompiler.VirtualPath = "/localhost_12830"
		Release.AspNetCompiler.PhysicalPath = "..\TestPage\"
		Release.AspNetCompiler.TargetPath = "PrecompiledWeb\localhost_12830\"
		Release.AspNetCompiler.Updateable = "true"
		Release.AspNetCompiler.ForceOverwrite = "true"
		Release.AspNetCompiler.FixedNames = "false"
		Release.AspNetCompiler.Debug = "False"
		VWDPort = "12830"
		DefaultWebSiteLanguage = "Visual C#"
	EndProjectSection
EndProject
Global
	GlobalSection(SolutionConfigurationPlatforms) = preSolution
		Debug|Any CPU = Debug|Any CPU
		Release|Any CPU = Release|Any CPU
	EndGlobalSection
	GlobalSection(ProjectConfigurationPlatforms) = postSolution
		{233B1862-2E71-45A8-9426-757C858474FC}.Debug|Any CPU.ActiveCfg = Debug|Any CPU
		{233B1862-2E71-45A8-9426-757C858474FC}.Debug|Any CPU.Build.0 = Debug|Any CPU
		{233B1862-2E71-45A8-9426-757C858474FC}.Release|Any CPU.ActiveCfg = Release|Any CPU
		{233B1862-2E71-45A8-9426-757C858474FC}.Release|Any CPU.Build.0 = Release|Any CPU
		{2171D4F3-5928-409C-8886-E7A66DA32ED9}.Debug|Any CPU.ActiveCfg = Debug|Any CPU
		{2171D4F3-5928-409C-8886-E7A66DA32ED9}.Debug|Any CPU.Build.0 = Debug|Any CPU
		{2171D4F3-5928-409C-8886-E7A66DA32ED9}.Release|Any CPU.ActiveCfg = Debug|Any CPU
		{2171D4F3-5928-409C-8886-E7A66DA32ED9}.Release|Any CPU.Build.0 = Debug|Any CPU
	EndGlobalSection
	GlobalSection(SolutionProperties) = preSolution
		HideSolutionNode = FALSE
	EndGlobalSection
EndGlobal
